// !$*UTF8*$!
{
	archiveVersion = 1;
	classes = {
	};
	objectVersion = 50;
	objects = {

/* Begin PBXBuildFile section */
		F9119C9C25ED4835006D5D22 /* WeatherTableViewCell.swift in Sources */ = {isa = PBXBuildFile; fileRef = F9119C9B25ED4835006D5D22 /* WeatherTableViewCell.swift */; };
		F951CFD125EBA11500FB9ADF /* AppDelegate.swift in Sources */ = {isa = PBXBuildFile; fileRef = F951CFD025EBA11500FB9ADF /* AppDelegate.swift */; };
		F951CFD325EBA11500FB9ADF /* SceneDelegate.swift in Sources */ = {isa = PBXBuildFile; fileRef = F951CFD225EBA11500FB9ADF /* SceneDelegate.swift */; };
		F951CFDA25EBA11600FB9ADF /* Assets.xcassets in Resources */ = {isa = PBXBuildFile; fileRef = F951CFD925EBA11600FB9ADF /* Assets.xcassets */; };
		F951CFDD25EBA11600FB9ADF /* LaunchScreen.storyboard in Resources */ = {isa = PBXBuildFile; fileRef = F951CFDB25EBA11600FB9ADF /* LaunchScreen.storyboard */; };
		F951CFE625EBA1AB00FB9ADF /* WeatherViewController.swift in Sources */ = {isa = PBXBuildFile; fileRef = F951CFE525EBA1AB00FB9ADF /* WeatherViewController.swift */; };
		F976457A25EE2F0500369C92 /* ApiManager.swift in Sources */ = {isa = PBXBuildFile; fileRef = F976457925EE2F0500369C92 /* ApiManager.swift */; };
		F976457D25EE2FB600369C92 /* WeatherResponse.swift in Sources */ = {isa = PBXBuildFile; fileRef = F976457C25EE2FB600369C92 /* WeatherResponse.swift */; };
		F99B98F825F61162003AA6A0 /* PathTypeEnum.swift in Sources */ = {isa = PBXBuildFile; fileRef = F99B98F725F61162003AA6A0 /* PathTypeEnum.swift */; };
		F99B98FB25F612DC003AA6A0 /* AppConstants.swift in Sources */ = {isa = PBXBuildFile; fileRef = F99B98FA25F612DC003AA6A0 /* AppConstants.swift */; };
		F9DBE96225F53C6600956717 /* CLLocation+fetchCity.swift in Sources */ = {isa = PBXBuildFile; fileRef = F9DBE96125F53C6600956717 /* CLLocation+fetchCity.swift */; };
		F9DBE96925F5590000956717 /* GetDayOfTheWeekByDT.swift in Sources */ = {isa = PBXBuildFile; fileRef = F9DBE96825F5590000956717 /* GetDayOfTheWeekByDT.swift */; };
		F9DBE96D25F559ED00956717 /* ApiErrorEnum.swift in Sources */ = {isa = PBXBuildFile; fileRef = F9DBE96C25F559ED00956717 /* ApiErrorEnum.swift */; };
		F9DBE97025F559FC00956717 /* WeatherTypeEnum.swift in Sources */ = {isa = PBXBuildFile; fileRef = F9DBE96F25F559FC00956717 /* WeatherTypeEnum.swift */; };
/* End PBXBuildFile section */

/* Begin PBXFileReference section */
		F9119C9B25ED4835006D5D22 /* WeatherTableViewCell.swift */ = {isa = PBXFileReference; lastKnownFileType = sourcecode.swift; path = WeatherTableViewCell.swift; sourceTree = "<group>"; };
		F951CFCD25EBA11500FB9ADF /* WeatherApp.app */ = {isa = PBXFileReference; explicitFileType = wrapper.application; includeInIndex = 0; path = WeatherApp.app; sourceTree = BUILT_PRODUCTS_DIR; };
		F951CFD025EBA11500FB9ADF /* AppDelegate.swift */ = {isa = PBXFileReference; lastKnownFileType = sourcecode.swift; path = AppDelegate.swift; sourceTree = "<group>"; };
		F951CFD225EBA11500FB9ADF /* SceneDelegate.swift */ = {isa = PBXFileReference; lastKnownFileType = sourcecode.swift; path = SceneDelegate.swift; sourceTree = "<group>"; };
		F951CFD925EBA11600FB9ADF /* Assets.xcassets */ = {isa = PBXFileReference; lastKnownFileType = folder.assetcatalog; path = Assets.xcassets; sourceTree = "<group>"; };
		F951CFDC25EBA11600FB9ADF /* Base */ = {isa = PBXFileReference; lastKnownFileType = file.storyboard; name = Base; path = Base.lproj/LaunchScreen.storyboard; sourceTree = "<group>"; };
		F951CFDE25EBA11600FB9ADF /* Info.plist */ = {isa = PBXFileReference; lastKnownFileType = text.plist.xml; path = Info.plist; sourceTree = "<group>"; };
		F951CFE525EBA1AB00FB9ADF /* WeatherViewController.swift */ = {isa = PBXFileReference; lastKnownFileType = sourcecode.swift; path = WeatherViewController.swift; sourceTree = "<group>"; };
		F976457925EE2F0500369C92 /* ApiManager.swift */ = {isa = PBXFileReference; lastKnownFileType = sourcecode.swift; path = ApiManager.swift; sourceTree = "<group>"; };
		F976457C25EE2FB600369C92 /* WeatherResponse.swift */ = {isa = PBXFileReference; lastKnownFileType = sourcecode.swift; path = WeatherResponse.swift; sourceTree = "<group>"; };
		F99B98F725F61162003AA6A0 /* PathTypeEnum.swift */ = {isa = PBXFileReference; lastKnownFileType = sourcecode.swift; path = PathTypeEnum.swift; sourceTree = "<group>"; };
		F99B98FA25F612DC003AA6A0 /* AppConstants.swift */ = {isa = PBXFileReference; lastKnownFileType = sourcecode.swift; path = AppConstants.swift; sourceTree = "<group>"; };
		F9DBE96125F53C6600956717 /* CLLocation+fetchCity.swift */ = {isa = PBXFileReference; lastKnownFileType = sourcecode.swift; path = "CLLocation+fetchCity.swift"; sourceTree = "<group>"; };
		F9DBE96825F5590000956717 /* GetDayOfTheWeekByDT.swift */ = {isa = PBXFileReference; lastKnownFileType = sourcecode.swift; path = GetDayOfTheWeekByDT.swift; sourceTree = "<group>"; };
		F9DBE96C25F559ED00956717 /* ApiErrorEnum.swift */ = {isa = PBXFileReference; lastKnownFileType = sourcecode.swift; path = ApiErrorEnum.swift; sourceTree = "<group>"; };
		F9DBE96F25F559FC00956717 /* WeatherTypeEnum.swift */ = {isa = PBXFileReference; lastKnownFileType = sourcecode.swift; path = WeatherTypeEnum.swift; sourceTree = "<group>"; };
/* End PBXFileReference section */

/* Begin PBXFrameworksBuildPhase section */
		F951CFCA25EBA11500FB9ADF /* Frameworks */ = {
			isa = PBXFrameworksBuildPhase;
			buildActionMask = 2147483647;
			files = (
			);
			runOnlyForDeploymentPostprocessing = 0;
		};
/* End PBXFrameworksBuildPhase section */

/* Begin PBXGroup section */
		F951CFC425EBA11500FB9ADF = {
			isa = PBXGroup;
			children = (
				F951CFCF25EBA11500FB9ADF /* WeatherApp */,
				F951CFCE25EBA11500FB9ADF /* Products */,
			);
			sourceTree = "<group>";
		};
		F951CFCE25EBA11500FB9ADF /* Products */ = {
			isa = PBXGroup;
			children = (
				F951CFCD25EBA11500FB9ADF /* WeatherApp.app */,
			);
			name = Products;
			sourceTree = "<group>";
		};
		F951CFCF25EBA11500FB9ADF /* WeatherApp */ = {
			isa = PBXGroup;
			children = (
				F9DBE96025F53C3F00956717 /* Helpers */,
				F954E22F25F51FE000BDFFE6 /* Models */,
				F954E23025F51FFC00BDFFE6 /* Screens */,
				F954E23325F5204C00BDFFE6 /* Managers */,
				F951CFD025EBA11500FB9ADF /* AppDelegate.swift */,
				F951CFD225EBA11500FB9ADF /* SceneDelegate.swift */,
				F951CFD925EBA11600FB9ADF /* Assets.xcassets */,
				F951CFDB25EBA11600FB9ADF /* LaunchScreen.storyboard */,
				F951CFDE25EBA11600FB9ADF /* Info.plist */,
			);
			path = WeatherApp;
			sourceTree = "<group>";
		};
		F954E22F25F51FE000BDFFE6 /* Models */ = {
			isa = PBXGroup;
			children = (
				F99B98FA25F612DC003AA6A0 /* AppConstants.swift */,
				F976457C25EE2FB600369C92 /* WeatherResponse.swift */,
				F9DBE96C25F559ED00956717 /* ApiErrorEnum.swift */,
				F9DBE96F25F559FC00956717 /* WeatherTypeEnum.swift */,
			);
			path = Models;
			sourceTree = "<group>";
		};
		F954E23025F51FFC00BDFFE6 /* Screens */ = {
			isa = PBXGroup;
			children = (
				F954E23125F5201800BDFFE6 /* Weather */,
			);
			path = Screens;
			sourceTree = "<group>";
		};
		F954E23125F5201800BDFFE6 /* Weather */ = {
			isa = PBXGroup;
			children = (
				F951CFE525EBA1AB00FB9ADF /* WeatherViewController.swift */,
				F954E23225F5202200BDFFE6 /* Components */,
			);
			path = Weather;
			sourceTree = "<group>";
		};
		F954E23225F5202200BDFFE6 /* Components */ = {
			isa = PBXGroup;
			children = (
				F9119C9B25ED4835006D5D22 /* WeatherTableViewCell.swift */,
			);
			path = Components;
			sourceTree = "<group>";
		};
		F954E23325F5204C00BDFFE6 /* Managers */ = {
			isa = PBXGroup;
			children = (
				F976457925EE2F0500369C92 /* ApiManager.swift */,
				F99B98F725F61162003AA6A0 /* PathTypeEnum.swift */,
			);
			path = Managers;
			sourceTree = "<group>";
		};
		F9DBE96025F53C3F00956717 /* Helpers */ = {
			isa = PBXGroup;
			children = (
				F9DBE96125F53C6600956717 /* CLLocation+fetchCity.swift */,
				F9DBE96825F5590000956717 /* GetDayOfTheWeekByDT.swift */,
			);
			path = Helpers;
			sourceTree = "<group>";
		};
/* End PBXGroup section */

/* Begin PBXNativeTarget section */
		F951CFCC25EBA11500FB9ADF /* WeatherApp */ = {
			isa = PBXNativeTarget;
			buildConfigurationList = F951CFE125EBA11600FB9ADF /* Build configuration list for PBXNativeTarget "WeatherApp" */;
			buildPhases = (
				F951CFC925EBA11500FB9ADF /* Sources */,
				F951CFCA25EBA11500FB9ADF /* Frameworks */,
				F951CFCB25EBA11500FB9ADF /* Resources */,
			);
			buildRules = (
			);
			dependencies = (
			);
			name = WeatherApp;
			productName = WeatherApp;
			productReference = F951CFCD25EBA11500FB9ADF /* WeatherApp.app */;
			productType = "com.apple.product-type.application";
		};
/* End PBXNativeTarget section */

/* Begin PBXProject section */
		F951CFC525EBA11500FB9ADF /* Project object */ = {
			isa = PBXProject;
			attributes = {
				LastSwiftUpdateCheck = 1220;
				LastUpgradeCheck = 1220;
				TargetAttributes = {
					F951CFCC25EBA11500FB9ADF = {
						CreatedOnToolsVersion = 12.2;
					};
				};
			};
			buildConfigurationList = F951CFC825EBA11500FB9ADF /* Build configuration list for PBXProject "WeatherApp" */;
			compatibilityVersion = "Xcode 9.3";
			developmentRegion = en;
			hasScannedForEncodings = 0;
			knownRegions = (
				en,
				Base,
			);
			mainGroup = F951CFC425EBA11500FB9ADF;
			productRefGroup = F951CFCE25EBA11500FB9ADF /* Products */;
			projectDirPath = "";
			projectRoot = "";
			targets = (
				F951CFCC25EBA11500FB9ADF /* WeatherApp */,
			);
		};
/* End PBXProject section */

/* Begin PBXResourcesBuildPhase section */
		F951CFCB25EBA11500FB9ADF /* Resources */ = {
			isa = PBXResourcesBuildPhase;
			buildActionMask = 2147483647;
			files = (
				F951CFDD25EBA11600FB9ADF /* LaunchScreen.storyboard in Resources */,
				F951CFDA25EBA11600FB9ADF /* Assets.xcassets in Resources */,
			);
			runOnlyForDeploymentPostprocessing = 0;
		};
/* End PBXResourcesBuildPhase section */

/* Begin PBXSourcesBuildPhase section */
		F951CFC925EBA11500FB9ADF /* Sources */ = {
			isa = PBXSourcesBuildPhase;
			buildActionMask = 2147483647;
			files = (
				F9DBE96225F53C6600956717 /* CLLocation+fetchCity.swift in Sources */,
				F9DBE96D25F559ED00956717 /* ApiErrorEnum.swift in Sources */,
				F976457D25EE2FB600369C92 /* WeatherResponse.swift in Sources */,
				F9119C9C25ED4835006D5D22 /* WeatherTableViewCell.swift in Sources */,
				F951CFE625EBA1AB00FB9ADF /* WeatherViewController.swift in Sources */,
				F951CFD125EBA11500FB9ADF /* AppDelegate.swift in Sources */,
				F951CFD325EBA11500FB9ADF /* SceneDelegate.swift in Sources */,
				F99B98FB25F612DC003AA6A0 /* AppConstants.swift in Sources */,
				F99B98F825F61162003AA6A0 /* PathTypeEnum.swift in Sources */,
				F9DBE97025F559FC00956717 /* WeatherTypeEnum.swift in Sources */,
				F976457A25EE2F0500369C92 /* ApiManager.swift in Sources */,
				F9DBE96925F5590000956717 /* GetDayOfTheWeekByDT.swift in Sources */,
			);
			runOnlyForDeploymentPostprocessing = 0;
		};
/* End PBXSourcesBuildPhase section */

/* Begin PBXVariantGroup section */
		F951CFDB25EBA11600FB9ADF /* LaunchScreen.storyboard */ = {
			isa = PBXVariantGroup;
			children = (
				F951CFDC25EBA11600FB9ADF /* Base */,
			);
			name = LaunchScreen.storyboard;
			sourceTree = "<group>";
		};
/* End PBXVariantGroup section */

/* Begin XCBuildConfiguration section */
		F951CFDF25EBA11600FB9ADF /* Debug */ = {
			isa = XCBuildConfiguration;
			buildSettings = {
				ALWAYS_SEARCH_USER_PATHS = NO;
				CLANG_ANALYZER_NONNULL = YES;
				CLANG_ANALYZER_NUMBER_OBJECT_CONVERSION = YES_AGGRESSIVE;
				CLANG_CXX_LANGUAGE_STANDARD = "gnu++14";
				CLANG_CXX_LIBRARY = "libc++";
				CLANG_ENABLE_MODULES = YES;
				CLANG_ENABLE_OBJC_ARC = YES;
				CLANG_ENABLE_OBJC_WEAK = YES;
				CLANG_WARN_BLOCK_CAPTURE_AUTORELEASING = YES;
				CLANG_WARN_BOOL_CONVERSION = YES;
				CLANG_WARN_COMMA = YES;
				CLANG_WARN_CONSTANT_CONVERSION = YES;
				CLANG_WARN_DEPRECATED_OBJC_IMPLEMENTATIONS = YES;
				CLANG_WARN_DIRECT_OBJC_ISA_USAGE = YES_ERROR;
				CLANG_WARN_DOCUMENTATION_COMMENTS = YES;
				CLANG_WARN_EMPTY_BODY = YES;
				CLANG_WARN_ENUM_CONVERSION = YES;
				CLANG_WARN_INFINITE_RECURSION = YES;
				CLANG_WARN_INT_CONVERSION = YES;
				CLANG_WARN_NON_LITERAL_NULL_CONVERSION = YES;
				CLANG_WARN_OBJC_IMPLICIT_RETAIN_SELF = YES;
				CLANG_WARN_OBJC_LITERAL_CONVERSION = YES;
				CLANG_WARN_OBJC_ROOT_CLASS = YES_ERROR;
				CLANG_WARN_QUOTED_INCLUDE_IN_FRAMEWORK_HEADER = YES;
				CLANG_WARN_RANGE_LOOP_ANALYSIS = YES;
				CLANG_WARN_STRICT_PROTOTYPES = YES;
				CLANG_WARN_SUSPICIOUS_MOVE = YES;
				CLANG_WARN_UNGUARDED_AVAILABILITY = YES_AGGRESSIVE;
				CLANG_WARN_UNREACHABLE_CODE = YES;
				CLANG_WARN__DUPLICATE_METHOD_MATCH = YES;
				COPY_PHASE_STRIP = NO;
				DEBUG_INFORMATION_FORMAT = dwarf;
				ENABLE_STRICT_OBJC_MSGSEND = YES;
				ENABLE_TESTABILITY = YES;
				GCC_C_LANGUAGE_STANDARD = gnu11;
				GCC_DYNAMIC_NO_PIC = NO;
				GCC_NO_COMMON_BLOCKS = YES;
				GCC_OPTIMIZATION_LEVEL = 0;
				GCC_PREPROCESSOR_DEFINITIONS = (
					"DEBUG=1",
					"$(inherited)",
				);
				GCC_WARN_64_TO_32_BIT_CONVERSION = YES;
				GCC_WARN_ABOUT_RETURN_TYPE = YES_ERROR;
				GCC_WARN_UNDECLARED_SELECTOR = YES;
				GCC_WARN_UNINITIALIZED_AUTOS = YES_AGGRESSIVE;
				GCC_WARN_UNUSED_FUNCTION = YES;
				GCC_WARN_UNUSED_VARIABLE = YES;
				IPHONEOS_DEPLOYMENT_TARGET = 14.2;
				MTL_ENABLE_DEBUG_INFO = INCLUDE_SOURCE;
				MTL_FAST_MATH = YES;
				ONLY_ACTIVE_ARCH = YES;
				SDKROOT = iphoneos;
				SWIFT_ACTIVE_COMPILATION_CONDITIONS = DEBUG;
				SWIFT_OPTIMIZATION_LEVEL = "-Onone";
			};
			name = Debug;
		};
		F951CFE025EBA11600FB9ADF /* Release */ = {
			isa = XCBuildConfiguration;
			buildSettings = {
				ALWAYS_SEARCH_USER_PATHS = NO;
				CLANG_ANALYZER_NONNULL = YES;
				CLANG_ANALYZER_NUMBER_OBJECT_CONVERSION = YES_AGGRESSIVE;
				CLANG_CXX_LANGUAGE_STANDARD = "gnu++14";
				CLANG_CXX_LIBRARY = "libc++";
				CLANG_ENABLE_MODULES = YES;
				CLANG_ENABLE_OBJC_ARC = YES;
				CLANG_ENABLE_OBJC_WEAK = YES;
				CLANG_WARN_BLOCK_CAPTURE_AUTORELEASING = YES;
				CLANG_WARN_BOOL_CONVERSION = YES;
				CLANG_WARN_COMMA = YES;
				CLANG_WARN_CONSTANT_CONVERSION = YES;
				CLANG_WARN_DEPRECATED_OBJC_IMPLEMENTATIONS = YES;
				CLANG_WARN_DIRECT_OBJC_ISA_USAGE = YES_ERROR;
				CLANG_WARN_DOCUMENTATION_COMMENTS = YES;
				CLANG_WARN_EMPTY_BODY = YES;
				CLANG_WARN_ENUM_CONVERSION = YES;
				CLANG_WARN_INFINITE_RECURSION = YES;
				CLANG_WARN_INT_CONVERSION = YES;
				CLANG_WARN_NON_LITERAL_NULL_CONVERSION = YES;
				CLANG_WARN_OBJC_IMPLICIT_RETAIN_SELF = YES;
				CLANG_WARN_OBJC_LITERAL_CONVERSION = YES;
				CLANG_WARN_OBJC_ROOT_CLASS = YES_ERROR;
				CLANG_WARN_QUOTED_INCLUDE_IN_FRAMEWORK_HEADER = YES;
				CLANG_WARN_RANGE_LOOP_ANALYSIS = YES;
				CLANG_WARN_STRICT_PROTOTYPES = YES;
				CLANG_WARN_SUSPICIOUS_MOVE = YES;
				CLANG_WARN_UNGUARDED_AVAILABILITY = YES_AGGRESSIVE;
				CLANG_WARN_UNREACHABLE_CODE = YES;
				CLANG_WARN__DUPLICATE_METHOD_MATCH = YES;
				COPY_PHASE_STRIP = NO;
				DEBUG_INFORMATION_FORMAT = "dwarf-with-dsym";
				ENABLE_NS_ASSERTIONS = NO;
				ENABLE_STRICT_OBJC_MSGSEND = YES;
				GCC_C_LANGUAGE_STANDARD = gnu11;
				GCC_NO_COMMON_BLOCKS = YES;
				GCC_WARN_64_TO_32_BIT_CONVERSION = YES;
				GCC_WARN_ABOUT_RETURN_TYPE = YES_ERROR;
				GCC_WARN_UNDECLARED_SELECTOR = YES;
				GCC_WARN_UNINITIALIZED_AUTOS = YES_AGGRESSIVE;
				GCC_WARN_UNUSED_FUNCTION = YES;
				GCC_WARN_UNUSED_VARIABLE = YES;
				IPHONEOS_DEPLOYMENT_TARGET = 14.2;
				MTL_ENABLE_DEBUG_INFO = NO;
				MTL_FAST_MATH = YES;
				SDKROOT = iphoneos;
				SWIFT_COMPILATION_MODE = wholemodule;
				SWIFT_OPTIMIZATION_LEVEL = "-O";
				VALIDATE_PRODUCT = YES;
			};
			name = Release;
		};
		F951CFE225EBA11600FB9ADF /* Debug */ = {
			isa = XCBuildConfiguration;
			buildSettings = {
				ASSETCATALOG_COMPILER_APPICON_NAME = AppIcon;
				ASSETCATALOG_COMPILER_GLOBAL_ACCENT_COLOR_NAME = AccentColor;
				CODE_SIGN_STYLE = Automatic;
				DEVELOPMENT_TEAM = TL95ZNY56W;
				INFOPLIST_FILE = WeatherApp/Info.plist;
				LD_RUNPATH_SEARCH_PATHS = (
					"$(inherited)",
					"@executable_path/Frameworks",
				);
				PRODUCT_BUNDLE_IDENTIFIER = com.WeatherAppByBibikov;
				PRODUCT_NAME = "$(TARGET_NAME)";
				SWIFT_VERSION = 5.0;
				TARGETED_DEVICE_FAMILY = "1,2";
			};
			name = Debug;
		};
		F951CFE325EBA11600FB9ADF /* Release */ = {
			isa = XCBuildConfiguration;
			buildSettings = {
				ASSETCATALOG_COMPILER_APPICON_NAME = AppIcon;
				ASSETCATALOG_COMPILER_GLOBAL_ACCENT_COLOR_NAME = AccentColor;
				CODE_SIGN_STYLE = Automatic;
				DEVELOPMENT_TEAM = TL95ZNY56W;
				INFOPLIST_FILE = WeatherApp/Info.plist;
				LD_RUNPATH_SEARCH_PATHS = (
					"$(inherited)",
					"@executable_path/Frameworks",
				);
				PRODUCT_BUNDLE_IDENTIFIER = com.WeatherAppByBibikov;
				PRODUCT_NAME = "$(TARGET_NAME)";
				SWIFT_VERSION = 5.0;
				TARGETED_DEVICE_FAMILY = "1,2";
			};
			name = Release;
		};
/* End XCBuildConfiguration section */

/* Begin XCConfigurationList section */
		F951CFC825EBA11500FB9ADF /* Build configuration list for PBXProject "WeatherApp" */ = {
			isa = XCConfigurationList;
			buildConfigurations = (
				F951CFDF25EBA11600FB9ADF /* Debug */,
				F951CFE025EBA11600FB9ADF /* Release */,
			);
			defaultConfigurationIsVisible = 0;
			defaultConfigurationName = Release;
		};
		F951CFE125EBA11600FB9ADF /* Build configuration list for PBXNativeTarget "WeatherApp" */ = {
			isa = XCConfigurationList;
			buildConfigurations = (
				F951CFE225EBA11600FB9ADF /* Debug */,
				F951CFE325EBA11600FB9ADF /* Release */,
			);
			defaultConfigurationIsVisible = 0;
			defaultConfigurationName = Release;
		};
/* End XCConfigurationList section */
	};
	rootObject = F951CFC525EBA11500FB9ADF /* Project object */;
}
